
Microsoft Visual Studio Solution File, Format Version 12.00
# Visual Studio Version 17
VisualStudioVersion = 17.12.35527.113 d17.12
MinimumVisualStudioVersion = 10.0.40219.1
Project("{FAE04EC0-301F-11D3-BF4B-00C04F79EFBC}") = "ttb_2310900012_de06", "ttb_2310900012_de06.csproj", "{4EBF177F-F7E3-44C0-A2E3-0F9ACD753130}"
EndProject
Global
	GlobalSection(SolutionConfigurationPlatforms) = preSolution
		Debug|Any CPU = Debug|Any CPU
		Release|Any CPU = Release|Any CPU
	EndGlobalSection
	GlobalSection(ProjectConfigurationPlatforms) = postSolution
		{4EBF177F-F7E3-44C0-A2E3-0F9ACD753130}.Debug|Any CPU.ActiveCfg = Debug|Any CPU
		{4EBF177F-F7E3-44C0-A2E3-0F9ACD753130}.Debug|Any CPU.Build.0 = Debug|Any CPU
		{4EBF177F-F7E3-44C0-A2E3-0F9ACD753130}.Release|Any CPU.ActiveCfg = Release|Any CPU
		{4EBF177F-F7E3-44C0-A2E3-0F9ACD753130}.Release|Any CPU.Build.0 = Release|Any CPU
	EndGlobalSection
	GlobalSection(SolutionProperties) = preSolution
		HideSolutionNode = FALSE
	EndGlobalSection
EndGlobal
